// !$*UTF8*$!
{
	archiveVersion = 1;
	classes = {
	};
	objectVersion = 56;
	objects = {

/* Begin PBXBuildFile section */
		CD0B6E282AC48DB500A99AF0 /* CameraView.swift in Sources */ = {isa = PBXBuildFile; fileRef = CD0B6E272AC48DB500A99AF0 /* CameraView.swift */; };
		CD0F41562ABD0AF60016177A /* guarapApp.swift in Sources */ = {isa = PBXBuildFile; fileRef = CD0F41552ABD0AF60016177A /* guarapApp.swift */; };
		CD0F41582ABD0AF60016177A /* PublishView.swift in Sources */ = {isa = PBXBuildFile; fileRef = CD0F41572ABD0AF60016177A /* PublishView.swift */; };
		CD0F415A2ABD0AF80016177A /* Assets.xcassets in Resources */ = {isa = PBXBuildFile; fileRef = CD0F41592ABD0AF80016177A /* Assets.xcassets */; };
		CD0F415D2ABD0AF80016177A /* Preview Assets.xcassets in Resources */ = {isa = PBXBuildFile; fileRef = CD0F415C2ABD0AF80016177A /* Preview Assets.xcassets */; };
		CD0F41672ABD0AF90016177A /* guarapTests.swift in Sources */ = {isa = PBXBuildFile; fileRef = CD0F41662ABD0AF90016177A /* guarapTests.swift */; };
		CD0F41712ABD0AF90016177A /* guarapUITests.swift in Sources */ = {isa = PBXBuildFile; fileRef = CD0F41702ABD0AF90016177A /* guarapUITests.swift */; };
		CD0F41732ABD0AF90016177A /* guarapUITestsLaunchTests.swift in Sources */ = {isa = PBXBuildFile; fileRef = CD0F41722ABD0AF90016177A /* guarapUITestsLaunchTests.swift */; };
		CD3C22CB2AC623B500D853EF /* SettingsView.swift in Sources */ = {isa = PBXBuildFile; fileRef = CD3C22CA2AC623B500D853EF /* SettingsView.swift */; };
		CD3EBFA12AC8FE5200F83C1B /* AccountView.swift in Sources */ = {isa = PBXBuildFile; fileRef = CD3EBFA02AC8FE5200F83C1B /* AccountView.swift */; };
		CD597E472ACC858400D493B5 /* FeedCell.swift in Sources */ = {isa = PBXBuildFile; fileRef = CD597E462ACC858400D493B5 /* FeedCell.swift */; };
		CD597E492ACCA1EA00D493B5 /* MainTabView.swift in Sources */ = {isa = PBXBuildFile; fileRef = CD597E482ACCA1EA00D493B5 /* MainTabView.swift */; };
		CD597E4C2ACCB15800D493B5 /* Post.swift in Sources */ = {isa = PBXBuildFile; fileRef = CD597E4B2ACCB15800D493B5 /* Post.swift */; };
		CD597E502ACCB5D100D493B5 /* GoogleService-Info.plist in Resources */ = {isa = PBXBuildFile; fileRef = CD597E4F2ACCB5D100D493B5 /* GoogleService-Info.plist */; };
		CD597E532ACCB67100D493B5 /* FirebaseAuth in Frameworks */ = {isa = PBXBuildFile; productRef = CD597E522ACCB67100D493B5 /* FirebaseAuth */; };
		CD597E552ACCB67100D493B5 /* FirebaseCrashlytics in Frameworks */ = {isa = PBXBuildFile; productRef = CD597E542ACCB67100D493B5 /* FirebaseCrashlytics */; };
		CD597E572ACCB67100D493B5 /* FirebaseFirestore in Frameworks */ = {isa = PBXBuildFile; productRef = CD597E562ACCB67100D493B5 /* FirebaseFirestore */; };
		CD597E592ACCB67100D493B5 /* FirebaseFirestoreSwift in Frameworks */ = {isa = PBXBuildFile; productRef = CD597E582ACCB67100D493B5 /* FirebaseFirestoreSwift */; };
		CD597E5B2ACCB67100D493B5 /* FirebaseStorage in Frameworks */ = {isa = PBXBuildFile; productRef = CD597E5A2ACCB67100D493B5 /* FirebaseStorage */; };
		CD61E8F12AC490D900CEAD52 /* CameraService.swift in Sources */ = {isa = PBXBuildFile; fileRef = CD61E8F02AC490D900CEAD52 /* CameraService.swift */; };
		CD61E8F32AC49DE500CEAD52 /* CustomCameraView.swift in Sources */ = {isa = PBXBuildFile; fileRef = CD61E8F22AC49DE500CEAD52 /* CustomCameraView.swift */; };
		CD61E8F52AC49FA900CEAD52 /* CameraContentView.swift in Sources */ = {isa = PBXBuildFile; fileRef = CD61E8F42AC49FA900CEAD52 /* CameraContentView.swift */; };
		CD9A16FB2AC8F9B2005B9DA7 /* AboutUsView.swift in Sources */ = {isa = PBXBuildFile; fileRef = CD9A16FA2AC8F9B2005B9DA7 /* AboutUsView.swift */; };
		CDA9B7D32AC1CF970054F09E /* FeedView.swift in Sources */ = {isa = PBXBuildFile; fileRef = CDA9B7D22AC1CF970054F09E /* FeedView.swift */; };
		CDA9B7D72AC1F0710054F09E /* Pattaya-Regular.ttf in Resources */ = {isa = PBXBuildFile; fileRef = CDA9B7D62AC1F0710054F09E /* Pattaya-Regular.ttf */; };
		CDFC75F12ACC6C0600D7943C /* Repository.swift in Sources */ = {isa = PBXBuildFile; fileRef = CDFC75F02ACC6C0600D7943C /* Repository.swift */; };
		CDFC75F32ACC6C5300D7943C /* FirebaseDAO.swift in Sources */ = {isa = PBXBuildFile; fileRef = CDFC75F22ACC6C5300D7943C /* FirebaseDAO.swift */; };
/* End PBXBuildFile section */

/* Begin PBXContainerItemProxy section */
		CD0F41632ABD0AF90016177A /* PBXContainerItemProxy */ = {
			isa = PBXContainerItemProxy;
			containerPortal = CD0F414A2ABD0AF60016177A /* Project object */;
			proxyType = 1;
			remoteGlobalIDString = CD0F41512ABD0AF60016177A;
			remoteInfo = guarap;
		};
		CD0F416D2ABD0AF90016177A /* PBXContainerItemProxy */ = {
			isa = PBXContainerItemProxy;
			containerPortal = CD0F414A2ABD0AF60016177A /* Project object */;
			proxyType = 1;
			remoteGlobalIDString = CD0F41512ABD0AF60016177A;
			remoteInfo = guarap;
		};
/* End PBXContainerItemProxy section */

/* Begin PBXFileReference section */
		CD0B6E272AC48DB500A99AF0 /* CameraView.swift */ = {isa = PBXFileReference; lastKnownFileType = sourcecode.swift; path = CameraView.swift; sourceTree = "<group>"; };
		CD0F41522ABD0AF60016177A /* guarap.app */ = {isa = PBXFileReference; explicitFileType = wrapper.application; includeInIndex = 0; path = guarap.app; sourceTree = BUILT_PRODUCTS_DIR; };
		CD0F41552ABD0AF60016177A /* guarapApp.swift */ = {isa = PBXFileReference; lastKnownFileType = sourcecode.swift; path = guarapApp.swift; sourceTree = "<group>"; };
		CD0F41572ABD0AF60016177A /* PublishView.swift */ = {isa = PBXFileReference; lastKnownFileType = sourcecode.swift; path = PublishView.swift; sourceTree = "<group>"; };
		CD0F41592ABD0AF80016177A /* Assets.xcassets */ = {isa = PBXFileReference; lastKnownFileType = folder.assetcatalog; path = Assets.xcassets; sourceTree = "<group>"; };
		CD0F415C2ABD0AF80016177A /* Preview Assets.xcassets */ = {isa = PBXFileReference; lastKnownFileType = folder.assetcatalog; path = "Preview Assets.xcassets"; sourceTree = "<group>"; };
		CD0F41622ABD0AF90016177A /* guarapTests.xctest */ = {isa = PBXFileReference; explicitFileType = wrapper.cfbundle; includeInIndex = 0; path = guarapTests.xctest; sourceTree = BUILT_PRODUCTS_DIR; };
		CD0F41662ABD0AF90016177A /* guarapTests.swift */ = {isa = PBXFileReference; lastKnownFileType = sourcecode.swift; path = guarapTests.swift; sourceTree = "<group>"; };
		CD0F416C2ABD0AF90016177A /* guarapUITests.xctest */ = {isa = PBXFileReference; explicitFileType = wrapper.cfbundle; includeInIndex = 0; path = guarapUITests.xctest; sourceTree = BUILT_PRODUCTS_DIR; };
		CD0F41702ABD0AF90016177A /* guarapUITests.swift */ = {isa = PBXFileReference; lastKnownFileType = sourcecode.swift; path = guarapUITests.swift; sourceTree = "<group>"; };
		CD0F41722ABD0AF90016177A /* guarapUITestsLaunchTests.swift */ = {isa = PBXFileReference; lastKnownFileType = sourcecode.swift; path = guarapUITestsLaunchTests.swift; sourceTree = "<group>"; };
		CD3C22CA2AC623B500D853EF /* SettingsView.swift */ = {isa = PBXFileReference; lastKnownFileType = sourcecode.swift; path = SettingsView.swift; sourceTree = "<group>"; };
		CD3EBFA02AC8FE5200F83C1B /* AccountView.swift */ = {isa = PBXFileReference; lastKnownFileType = sourcecode.swift; path = AccountView.swift; sourceTree = "<group>"; };
		CD597E462ACC858400D493B5 /* FeedCell.swift */ = {isa = PBXFileReference; lastKnownFileType = sourcecode.swift; path = FeedCell.swift; sourceTree = "<group>"; };
		CD597E482ACCA1EA00D493B5 /* MainTabView.swift */ = {isa = PBXFileReference; lastKnownFileType = sourcecode.swift; path = MainTabView.swift; sourceTree = "<group>"; };
		CD597E4B2ACCB15800D493B5 /* Post.swift */ = {isa = PBXFileReference; lastKnownFileType = sourcecode.swift; path = Post.swift; sourceTree = "<group>"; };
		CD597E4F2ACCB5D100D493B5 /* GoogleService-Info.plist */ = {isa = PBXFileReference; fileEncoding = 4; lastKnownFileType = text.plist.xml; path = "GoogleService-Info.plist"; sourceTree = "<group>"; };
		CD61E8F02AC490D900CEAD52 /* CameraService.swift */ = {isa = PBXFileReference; fileEncoding = 4; lastKnownFileType = sourcecode.swift; path = CameraService.swift; sourceTree = "<group>"; };
		CD61E8F22AC49DE500CEAD52 /* CustomCameraView.swift */ = {isa = PBXFileReference; lastKnownFileType = sourcecode.swift; path = CustomCameraView.swift; sourceTree = "<group>"; };
		CD61E8F42AC49FA900CEAD52 /* CameraContentView.swift */ = {isa = PBXFileReference; lastKnownFileType = sourcecode.swift; path = CameraContentView.swift; sourceTree = "<group>"; };
		CD9A16FA2AC8F9B2005B9DA7 /* AboutUsView.swift */ = {isa = PBXFileReference; lastKnownFileType = sourcecode.swift; path = AboutUsView.swift; sourceTree = "<group>"; };
		CDA9B7D22AC1CF970054F09E /* FeedView.swift */ = {isa = PBXFileReference; lastKnownFileType = sourcecode.swift; path = FeedView.swift; sourceTree = "<group>"; };
		CDA9B7D62AC1F0710054F09E /* Pattaya-Regular.ttf */ = {isa = PBXFileReference; lastKnownFileType = file; path = "Pattaya-Regular.ttf"; sourceTree = "<group>"; };
		CDFC75F02ACC6C0600D7943C /* Repository.swift */ = {isa = PBXFileReference; lastKnownFileType = sourcecode.swift; path = Repository.swift; sourceTree = "<group>"; };
		CDFC75F22ACC6C5300D7943C /* FirebaseDAO.swift */ = {isa = PBXFileReference; lastKnownFileType = sourcecode.swift; path = FirebaseDAO.swift; sourceTree = "<group>"; };
/* End PBXFileReference section */

/* Begin PBXFrameworksBuildPhase section */
		CD0F414F2ABD0AF60016177A /* Frameworks */ = {
			isa = PBXFrameworksBuildPhase;
			buildActionMask = 2147483647;
			files = (
				CD597E532ACCB67100D493B5 /* FirebaseAuth in Frameworks */,
				CD597E552ACCB67100D493B5 /* FirebaseCrashlytics in Frameworks */,
				CD597E572ACCB67100D493B5 /* FirebaseFirestore in Frameworks */,
				CD597E5B2ACCB67100D493B5 /* FirebaseStorage in Frameworks */,
				CD597E592ACCB67100D493B5 /* FirebaseFirestoreSwift in Frameworks */,
			);
			runOnlyForDeploymentPostprocessing = 0;
		};
		CD0F415F2ABD0AF90016177A /* Frameworks */ = {
			isa = PBXFrameworksBuildPhase;
			buildActionMask = 2147483647;
			files = (
			);
			runOnlyForDeploymentPostprocessing = 0;
		};
		CD0F41692ABD0AF90016177A /* Frameworks */ = {
			isa = PBXFrameworksBuildPhase;
			buildActionMask = 2147483647;
			files = (
			);
			runOnlyForDeploymentPostprocessing = 0;
		};
/* End PBXFrameworksBuildPhase section */

/* Begin PBXGroup section */
		CD0F41492ABD0AF60016177A = {
			isa = PBXGroup;
			children = (
				CD597E4F2ACCB5D100D493B5 /* GoogleService-Info.plist */,
				CDA9B7D82AC1F1750054F09E /* proyect_fonts */,
				CD0F41542ABD0AF60016177A /* guarap */,
				CD0F41652ABD0AF90016177A /* guarapTests */,
				CD0F416F2ABD0AF90016177A /* guarapUITests */,
				CD0F41532ABD0AF60016177A /* Products */,
			);
			sourceTree = "<group>";
		};
		CD0F41532ABD0AF60016177A /* Products */ = {
			isa = PBXGroup;
			children = (
				CD0F41522ABD0AF60016177A /* guarap.app */,
				CD0F41622ABD0AF90016177A /* guarapTests.xctest */,
				CD0F416C2ABD0AF90016177A /* guarapUITests.xctest */,
			);
			name = Products;
			sourceTree = "<group>";
		};
		CD0F41542ABD0AF60016177A /* guarap */ = {
			isa = PBXGroup;
			children = (
				CD597E4A2ACCB14900D493B5 /* Model */,
				CD597E452ACC856700D493B5 /* Feed Group */,
				CD3EBF9B2AC8FD5F00F83C1B /* Settings Group */,
				CD3EBF9A2AC8FD4800F83C1B /* Camera Group */,
				CD0F41552ABD0AF60016177A /* guarapApp.swift */,
				CD0F41572ABD0AF60016177A /* PublishView.swift */,
				CD0F41592ABD0AF80016177A /* Assets.xcassets */,
				CD0F415B2ABD0AF80016177A /* Preview Content */,
				CDFC75F02ACC6C0600D7943C /* Repository.swift */,
				CDFC75F22ACC6C5300D7943C /* FirebaseDAO.swift */,
			);
			path = guarap;
			sourceTree = "<group>";
		};
		CD0F415B2ABD0AF80016177A /* Preview Content */ = {
			isa = PBXGroup;
			children = (
				CD0F415C2ABD0AF80016177A /* Preview Assets.xcassets */,
			);
			path = "Preview Content";
			sourceTree = "<group>";
		};
		CD0F41652ABD0AF90016177A /* guarapTests */ = {
			isa = PBXGroup;
			children = (
				CD0F41662ABD0AF90016177A /* guarapTests.swift */,
			);
			path = guarapTests;
			sourceTree = "<group>";
		};
		CD0F416F2ABD0AF90016177A /* guarapUITests */ = {
			isa = PBXGroup;
			children = (
				CD0F41702ABD0AF90016177A /* guarapUITests.swift */,
				CD0F41722ABD0AF90016177A /* guarapUITestsLaunchTests.swift */,
			);
			path = guarapUITests;
			sourceTree = "<group>";
		};
		CD3EBF9A2AC8FD4800F83C1B /* Camera Group */ = {
			isa = PBXGroup;
			children = (
				CD61E8F02AC490D900CEAD52 /* CameraService.swift */,
				CD0B6E272AC48DB500A99AF0 /* CameraView.swift */,
				CD61E8F22AC49DE500CEAD52 /* CustomCameraView.swift */,
				CD61E8F42AC49FA900CEAD52 /* CameraContentView.swift */,
			);
			path = "Camera Group";
			sourceTree = "<group>";
		};
		CD3EBF9B2AC8FD5F00F83C1B /* Settings Group */ = {
			isa = PBXGroup;
			children = (
				CD3EBFA02AC8FE5200F83C1B /* AccountView.swift */,
				CD3C22CA2AC623B500D853EF /* SettingsView.swift */,
				CD9A16FA2AC8F9B2005B9DA7 /* AboutUsView.swift */,
			);
			path = "Settings Group";
			sourceTree = "<group>";
		};
		CD597E452ACC856700D493B5 /* Feed Group */ = {
			isa = PBXGroup;
			children = (
				CDA9B7D22AC1CF970054F09E /* FeedView.swift */,
				CD597E462ACC858400D493B5 /* FeedCell.swift */,
				CD597E482ACCA1EA00D493B5 /* MainTabView.swift */,
			);
			path = "Feed Group";
			sourceTree = "<group>";
		};
		CD597E4A2ACCB14900D493B5 /* Model */ = {
			isa = PBXGroup;
			children = (
				CD597E4B2ACCB15800D493B5 /* Post.swift */,
			);
			path = Model;
			sourceTree = "<group>";
		};
		CDA9B7D82AC1F1750054F09E /* proyect_fonts */ = {
			isa = PBXGroup;
			children = (
				CDA9B7D62AC1F0710054F09E /* Pattaya-Regular.ttf */,
			);
			path = proyect_fonts;
			sourceTree = "<group>";
		};
/* End PBXGroup section */

/* Begin PBXNativeTarget section */
		CD0F41512ABD0AF60016177A /* guarap */ = {
			isa = PBXNativeTarget;
			buildConfigurationList = CD0F41762ABD0AF90016177A /* Build configuration list for PBXNativeTarget "guarap" */;
			buildPhases = (
				CD0F414E2ABD0AF60016177A /* Sources */,
				CD0F414F2ABD0AF60016177A /* Frameworks */,
				CD0F41502ABD0AF60016177A /* Resources */,
			);
			buildRules = (
			);
			dependencies = (
			);
			name = guarap;
			packageProductDependencies = (
				CD597E522ACCB67100D493B5 /* FirebaseAuth */,
				CD597E542ACCB67100D493B5 /* FirebaseCrashlytics */,
				CD597E562ACCB67100D493B5 /* FirebaseFirestore */,
				CD597E582ACCB67100D493B5 /* FirebaseFirestoreSwift */,
				CD597E5A2ACCB67100D493B5 /* FirebaseStorage */,
			);
			productName = guarap;
			productReference = CD0F41522ABD0AF60016177A /* guarap.app */;
			productType = "com.apple.product-type.application";
		};
		CD0F41612ABD0AF90016177A /* guarapTests */ = {
			isa = PBXNativeTarget;
			buildConfigurationList = CD0F41792ABD0AF90016177A /* Build configuration list for PBXNativeTarget "guarapTests" */;
			buildPhases = (
				CD0F415E2ABD0AF90016177A /* Sources */,
				CD0F415F2ABD0AF90016177A /* Frameworks */,
				CD0F41602ABD0AF90016177A /* Resources */,
			);
			buildRules = (
			);
			dependencies = (
				CD0F41642ABD0AF90016177A /* PBXTargetDependency */,
			);
			name = guarapTests;
			productName = guarapTests;
			productReference = CD0F41622ABD0AF90016177A /* guarapTests.xctest */;
			productType = "com.apple.product-type.bundle.unit-test";
		};
		CD0F416B2ABD0AF90016177A /* guarapUITests */ = {
			isa = PBXNativeTarget;
			buildConfigurationList = CD0F417C2ABD0AF90016177A /* Build configuration list for PBXNativeTarget "guarapUITests" */;
			buildPhases = (
				CD0F41682ABD0AF90016177A /* Sources */,
				CD0F41692ABD0AF90016177A /* Frameworks */,
				CD0F416A2ABD0AF90016177A /* Resources */,
			);
			buildRules = (
			);
			dependencies = (
				CD0F416E2ABD0AF90016177A /* PBXTargetDependency */,
			);
			name = guarapUITests;
			productName = guarapUITests;
			productReference = CD0F416C2ABD0AF90016177A /* guarapUITests.xctest */;
			productType = "com.apple.product-type.bundle.ui-testing";
		};
/* End PBXNativeTarget section */

/* Begin PBXProject section */
		CD0F414A2ABD0AF60016177A /* Project object */ = {
			isa = PBXProject;
			attributes = {
				BuildIndependentTargetsInParallel = 1;
				LastSwiftUpdateCheck = 1430;
				LastUpgradeCheck = 1500;
				TargetAttributes = {
					CD0F41512ABD0AF60016177A = {
						CreatedOnToolsVersion = 14.3.1;
					};
					CD0F41612ABD0AF90016177A = {
						CreatedOnToolsVersion = 14.3.1;
						TestTargetID = CD0F41512ABD0AF60016177A;
					};
					CD0F416B2ABD0AF90016177A = {
						CreatedOnToolsVersion = 14.3.1;
						TestTargetID = CD0F41512ABD0AF60016177A;
					};
				};
			};
			buildConfigurationList = CD0F414D2ABD0AF60016177A /* Build configuration list for PBXProject "guarap" */;
			compatibilityVersion = "Xcode 14.0";
			developmentRegion = en;
			hasScannedForEncodings = 0;
			knownRegions = (
				en,
				Base,
			);
			mainGroup = CD0F41492ABD0AF60016177A;
			packageReferences = (
				CD597E512ACCB67100D493B5 /* XCRemoteSwiftPackageReference "firebase-ios-sdk" */,
			);
			productRefGroup = CD0F41532ABD0AF60016177A /* Products */;
			projectDirPath = "";
			projectRoot = "";
			targets = (
				CD0F41512ABD0AF60016177A /* guarap */,
				CD0F41612ABD0AF90016177A /* guarapTests */,
				CD0F416B2ABD0AF90016177A /* guarapUITests */,
			);
		};
/* End PBXProject section */

/* Begin PBXResourcesBuildPhase section */
		CD0F41502ABD0AF60016177A /* Resources */ = {
			isa = PBXResourcesBuildPhase;
			buildActionMask = 2147483647;
			files = (
				CD0F415D2ABD0AF80016177A /* Preview Assets.xcassets in Resources */,
				CD597E502ACCB5D100D493B5 /* GoogleService-Info.plist in Resources */,
				CDA9B7D72AC1F0710054F09E /* Pattaya-Regular.ttf in Resources */,
				CD0F415A2ABD0AF80016177A /* Assets.xcassets in Resources */,
			);
			runOnlyForDeploymentPostprocessing = 0;
		};
		CD0F41602ABD0AF90016177A /* Resources */ = {
			isa = PBXResourcesBuildPhase;
			buildActionMask = 2147483647;
			files = (
			);
			runOnlyForDeploymentPostprocessing = 0;
		};
		CD0F416A2ABD0AF90016177A /* Resources */ = {
			isa = PBXResourcesBuildPhase;
			buildActionMask = 2147483647;
			files = (
			);
			runOnlyForDeploymentPostprocessing = 0;
		};
/* End PBXResourcesBuildPhase section */

/* Begin PBXSourcesBuildPhase section */
		CD0F414E2ABD0AF60016177A /* Sources */ = {
			isa = PBXSourcesBuildPhase;
			buildActionMask = 2147483647;
			files = (
				CD61E8F52AC49FA900CEAD52 /* CameraContentView.swift in Sources */,
				CDFC75F32ACC6C5300D7943C /* FirebaseDAO.swift in Sources */,
				CD3C22CB2AC623B500D853EF /* SettingsView.swift in Sources */,
				CD61E8F12AC490D900CEAD52 /* CameraService.swift in Sources */,
				CD0F41582ABD0AF60016177A /* PublishView.swift in Sources */,
				CD597E472ACC858400D493B5 /* FeedCell.swift in Sources */,
				CD3EBFA12AC8FE5200F83C1B /* AccountView.swift in Sources */,
				CDFC75F12ACC6C0600D7943C /* Repository.swift in Sources */,
				CDA9B7D32AC1CF970054F09E /* FeedView.swift in Sources */,
				CD597E4C2ACCB15800D493B5 /* Post.swift in Sources */,
				CD0F41562ABD0AF60016177A /* guarapApp.swift in Sources */,
				CD61E8F32AC49DE500CEAD52 /* CustomCameraView.swift in Sources */,
				CD9A16FB2AC8F9B2005B9DA7 /* AboutUsView.swift in Sources */,
				CD0B6E282AC48DB500A99AF0 /* CameraView.swift in Sources */,
				CD597E492ACCA1EA00D493B5 /* MainTabView.swift in Sources */,
			);
			runOnlyForDeploymentPostprocessing = 0;
		};
		CD0F415E2ABD0AF90016177A /* Sources */ = {
			isa = PBXSourcesBuildPhase;
			buildActionMask = 2147483647;
			files = (
				CD0F41672ABD0AF90016177A /* guarapTests.swift in Sources */,
			);
			runOnlyForDeploymentPostprocessing = 0;
		};
		CD0F41682ABD0AF90016177A /* Sources */ = {
			isa = PBXSourcesBuildPhase;
			buildActionMask = 2147483647;
			files = (
				CD0F41732ABD0AF90016177A /* guarapUITestsLaunchTests.swift in Sources */,
				CD0F41712ABD0AF90016177A /* guarapUITests.swift in Sources */,
			);
			runOnlyForDeploymentPostprocessing = 0;
		};
/* End PBXSourcesBuildPhase section */

/* Begin PBXTargetDependency section */
		CD0F41642ABD0AF90016177A /* PBXTargetDependency */ = {
			isa = PBXTargetDependency;
			target = CD0F41512ABD0AF60016177A /* guarap */;
			targetProxy = CD0F41632ABD0AF90016177A /* PBXContainerItemProxy */;
		};
		CD0F416E2ABD0AF90016177A /* PBXTargetDependency */ = {
			isa = PBXTargetDependency;
			target = CD0F41512ABD0AF60016177A /* guarap */;
			targetProxy = CD0F416D2ABD0AF90016177A /* PBXContainerItemProxy */;
		};
/* End PBXTargetDependency section */

/* Begin XCBuildConfiguration section */
		CD0F41742ABD0AF90016177A /* Debug */ = {
			isa = XCBuildConfiguration;
			buildSettings = {
				ALWAYS_SEARCH_USER_PATHS = NO;
				CLANG_ANALYZER_NONNULL = YES;
				CLANG_ANALYZER_NUMBER_OBJECT_CONVERSION = YES_AGGRESSIVE;
				CLANG_CXX_LANGUAGE_STANDARD = "gnu++20";
				CLANG_ENABLE_MODULES = YES;
				CLANG_ENABLE_OBJC_ARC = YES;
				CLANG_ENABLE_OBJC_WEAK = YES;
				CLANG_WARN_BLOCK_CAPTURE_AUTORELEASING = YES;
				CLANG_WARN_BOOL_CONVERSION = YES;
				CLANG_WARN_COMMA = YES;
				CLANG_WARN_CONSTANT_CONVERSION = YES;
				CLANG_WARN_DEPRECATED_OBJC_IMPLEMENTATIONS = YES;
				CLANG_WARN_DIRECT_OBJC_ISA_USAGE = YES_ERROR;
				CLANG_WARN_DOCUMENTATION_COMMENTS = YES;
				CLANG_WARN_EMPTY_BODY = YES;
				CLANG_WARN_ENUM_CONVERSION = YES;
				CLANG_WARN_INFINITE_RECURSION = YES;
				CLANG_WARN_INT_CONVERSION = YES;
				CLANG_WARN_NON_LITERAL_NULL_CONVERSION = YES;
				CLANG_WARN_OBJC_IMPLICIT_RETAIN_SELF = YES;
				CLANG_WARN_OBJC_LITERAL_CONVERSION = YES;
				CLANG_WARN_OBJC_ROOT_CLASS = YES_ERROR;
				CLANG_WARN_QUOTED_INCLUDE_IN_FRAMEWORK_HEADER = YES;
				CLANG_WARN_RANGE_LOOP_ANALYSIS = YES;
				CLANG_WARN_STRICT_PROTOTYPES = YES;
				CLANG_WARN_SUSPICIOUS_MOVE = YES;
				CLANG_WARN_UNGUARDED_AVAILABILITY = YES_AGGRESSIVE;
				CLANG_WARN_UNREACHABLE_CODE = YES;
				CLANG_WARN__DUPLICATE_METHOD_MATCH = YES;
				COPY_PHASE_STRIP = NO;
				DEBUG_INFORMATION_FORMAT = dwarf;
				ENABLE_STRICT_OBJC_MSGSEND = YES;
				ENABLE_TESTABILITY = YES;
				ENABLE_USER_SCRIPT_SANDBOXING = YES;
				GCC_C_LANGUAGE_STANDARD = gnu11;
				GCC_DYNAMIC_NO_PIC = NO;
				GCC_NO_COMMON_BLOCKS = YES;
				GCC_OPTIMIZATION_LEVEL = 0;
				GCC_PREPROCESSOR_DEFINITIONS = (
					"DEBUG=1",
					"$(inherited)",
				);
				GCC_WARN_64_TO_32_BIT_CONVERSION = YES;
				GCC_WARN_ABOUT_RETURN_TYPE = YES_ERROR;
				GCC_WARN_UNDECLARED_SELECTOR = YES;
				GCC_WARN_UNINITIALIZED_AUTOS = YES_AGGRESSIVE;
				GCC_WARN_UNUSED_FUNCTION = YES;
				GCC_WARN_UNUSED_VARIABLE = YES;
				IPHONEOS_DEPLOYMENT_TARGET = 16.4;
				MTL_ENABLE_DEBUG_INFO = INCLUDE_SOURCE;
				MTL_FAST_MATH = YES;
				ONLY_ACTIVE_ARCH = YES;
				SDKROOT = iphoneos;
				SWIFT_ACTIVE_COMPILATION_CONDITIONS = DEBUG;
				SWIFT_OPTIMIZATION_LEVEL = "-Onone";
			};
			name = Debug;
		};
		CD0F41752ABD0AF90016177A /* Release */ = {
			isa = XCBuildConfiguration;
			buildSettings = {
				ALWAYS_SEARCH_USER_PATHS = NO;
				CLANG_ANALYZER_NONNULL = YES;
				CLANG_ANALYZER_NUMBER_OBJECT_CONVERSION = YES_AGGRESSIVE;
				CLANG_CXX_LANGUAGE_STANDARD = "gnu++20";
				CLANG_ENABLE_MODULES = YES;
				CLANG_ENABLE_OBJC_ARC = YES;
				CLANG_ENABLE_OBJC_WEAK = YES;
				CLANG_WARN_BLOCK_CAPTURE_AUTORELEASING = YES;
				CLANG_WARN_BOOL_CONVERSION = YES;
				CLANG_WARN_COMMA = YES;
				CLANG_WARN_CONSTANT_CONVERSION = YES;
				CLANG_WARN_DEPRECATED_OBJC_IMPLEMENTATIONS = YES;
				CLANG_WARN_DIRECT_OBJC_ISA_USAGE = YES_ERROR;
				CLANG_WARN_DOCUMENTATION_COMMENTS = YES;
				CLANG_WARN_EMPTY_BODY = YES;
				CLANG_WARN_ENUM_CONVERSION = YES;
				CLANG_WARN_INFINITE_RECURSION = YES;
				CLANG_WARN_INT_CONVERSION = YES;
				CLANG_WARN_NON_LITERAL_NULL_CONVERSION = YES;
				CLANG_WARN_OBJC_IMPLICIT_RETAIN_SELF = YES;
				CLANG_WARN_OBJC_LITERAL_CONVERSION = YES;
				CLANG_WARN_OBJC_ROOT_CLASS = YES_ERROR;
				CLANG_WARN_QUOTED_INCLUDE_IN_FRAMEWORK_HEADER = YES;
				CLANG_WARN_RANGE_LOOP_ANALYSIS = YES;
				CLANG_WARN_STRICT_PROTOTYPES = YES;
				CLANG_WARN_SUSPICIOUS_MOVE = YES;
				CLANG_WARN_UNGUARDED_AVAILABILITY = YES_AGGRESSIVE;
				CLANG_WARN_UNREACHABLE_CODE = YES;
				CLANG_WARN__DUPLICATE_METHOD_MATCH = YES;
				COPY_PHASE_STRIP = NO;
				DEBUG_INFORMATION_FORMAT = "dwarf-with-dsym";
				ENABLE_NS_ASSERTIONS = NO;
				ENABLE_STRICT_OBJC_MSGSEND = YES;
				ENABLE_USER_SCRIPT_SANDBOXING = YES;
				GCC_C_LANGUAGE_STANDARD = gnu11;
				GCC_NO_COMMON_BLOCKS = YES;
				GCC_WARN_64_TO_32_BIT_CONVERSION = YES;
				GCC_WARN_ABOUT_RETURN_TYPE = YES_ERROR;
				GCC_WARN_UNDECLARED_SELECTOR = YES;
				GCC_WARN_UNINITIALIZED_AUTOS = YES_AGGRESSIVE;
				GCC_WARN_UNUSED_FUNCTION = YES;
				GCC_WARN_UNUSED_VARIABLE = YES;
				IPHONEOS_DEPLOYMENT_TARGET = 16.4;
				MTL_ENABLE_DEBUG_INFO = NO;
				MTL_FAST_MATH = YES;
				SDKROOT = iphoneos;
				SWIFT_COMPILATION_MODE = wholemodule;
				SWIFT_OPTIMIZATION_LEVEL = "-O";
				VALIDATE_PRODUCT = YES;
			};
			name = Release;
		};
		CD0F41772ABD0AF90016177A /* Debug */ = {
			isa = XCBuildConfiguration;
			buildSettings = {
				ASSETCATALOG_COMPILER_APPICON_NAME = AppIcon;
				ASSETCATALOG_COMPILER_GLOBAL_ACCENT_COLOR_NAME = AccentColor;
				CODE_SIGN_STYLE = Automatic;
				CURRENT_PROJECT_VERSION = 1;
				DEVELOPMENT_ASSET_PATHS = "\"guarap/Preview Content\"";
				DEVELOPMENT_TEAM = W89849Q4A8;
				ENABLE_PREVIEWS = YES;
				GENERATE_INFOPLIST_FILE = YES;
				INFOPLIST_KEY_CFBundleDisplayName = Guarap;
				INFOPLIST_KEY_NSCameraUsageDescription = "Take photos";
				INFOPLIST_KEY_UIApplicationSceneManifest_Generation = YES;
				INFOPLIST_KEY_UIApplicationSupportsIndirectInputEvents = YES;
				INFOPLIST_KEY_UILaunchScreen_Generation = YES;
				INFOPLIST_KEY_UISupportedInterfaceOrientations_iPad = "UIInterfaceOrientationPortrait UIInterfaceOrientationPortraitUpsideDown UIInterfaceOrientationLandscapeLeft UIInterfaceOrientationLandscapeRight";
				INFOPLIST_KEY_UISupportedInterfaceOrientations_iPhone = "UIInterfaceOrientationPortrait UIInterfaceOrientationLandscapeLeft UIInterfaceOrientationLandscapeRight";
				LD_RUNPATH_SEARCH_PATHS = (
					"$(inherited)",
					"@executable_path/Frameworks",
				);
				MARKETING_VERSION = 1.0;
				PRODUCT_BUNDLE_IDENTIFIER = com.guarap;
				PRODUCT_NAME = "$(TARGET_NAME)";
				SWIFT_EMIT_LOC_STRINGS = YES;
				SWIFT_VERSION = 5.0;
				TARGETED_DEVICE_FAMILY = "1,2";
			};
			name = Debug;
		};
		CD0F41782ABD0AF90016177A /* Release */ = {
			isa = XCBuildConfiguration;
			buildSettings = {
				ASSETCATALOG_COMPILER_APPICON_NAME = AppIcon;
				ASSETCATALOG_COMPILER_GLOBAL_ACCENT_COLOR_NAME = AccentColor;
				CODE_SIGN_STYLE = Automatic;
				CURRENT_PROJECT_VERSION = 1;
				DEVELOPMENT_ASSET_PATHS = "\"guarap/Preview Content\"";
				DEVELOPMENT_TEAM = W89849Q4A8;
				ENABLE_PREVIEWS = YES;
				GENERATE_INFOPLIST_FILE = YES;
				INFOPLIST_KEY_CFBundleDisplayName = Guarap;
				INFOPLIST_KEY_NSCameraUsageDescription = "Take photos";
				INFOPLIST_KEY_UIApplicationSceneManifest_Generation = YES;
				INFOPLIST_KEY_UIApplicationSupportsIndirectInputEvents = YES;
				INFOPLIST_KEY_UILaunchScreen_Generation = YES;
				INFOPLIST_KEY_UISupportedInterfaceOrientations_iPad = "UIInterfaceOrientationPortrait UIInterfaceOrientationPortraitUpsideDown UIInterfaceOrientationLandscapeLeft UIInterfaceOrientationLandscapeRight";
				INFOPLIST_KEY_UISupportedInterfaceOrientations_iPhone = "UIInterfaceOrientationPortrait UIInterfaceOrientationLandscapeLeft UIInterfaceOrientationLandscapeRight";
				LD_RUNPATH_SEARCH_PATHS = (
					"$(inherited)",
					"@executable_path/Frameworks",
				);
				MARKETING_VERSION = 1.0;
				PRODUCT_BUNDLE_IDENTIFIER = com.guarap;
				PRODUCT_NAME = "$(TARGET_NAME)";
				SWIFT_EMIT_LOC_STRINGS = YES;
				SWIFT_VERSION = 5.0;
				TARGETED_DEVICE_FAMILY = "1,2";
			};
			name = Release;
		};
		CD0F417A2ABD0AF90016177A /* Debug */ = {
			isa = XCBuildConfiguration;
			buildSettings = {
				ALWAYS_EMBED_SWIFT_STANDARD_LIBRARIES = YES;
				BUNDLE_LOADER = "$(TEST_HOST)";
				CODE_SIGN_STYLE = Automatic;
				CURRENT_PROJECT_VERSION = 1;
				GENERATE_INFOPLIST_FILE = YES;
				IPHONEOS_DEPLOYMENT_TARGET = 16.4;
				MARKETING_VERSION = 1.0;
				PRODUCT_BUNDLE_IDENTIFIER = com.guarapTests;
				PRODUCT_NAME = "$(TARGET_NAME)";
				SWIFT_EMIT_LOC_STRINGS = NO;
				SWIFT_VERSION = 5.0;
				TARGETED_DEVICE_FAMILY = "1,2";
				TEST_HOST = "$(BUILT_PRODUCTS_DIR)/guarap.app/$(BUNDLE_EXECUTABLE_FOLDER_PATH)/guarap";
			};
			name = Debug;
		};
		CD0F417B2ABD0AF90016177A /* Release */ = {
			isa = XCBuildConfiguration;
			buildSettings = {
				ALWAYS_EMBED_SWIFT_STANDARD_LIBRARIES = YES;
				BUNDLE_LOADER = "$(TEST_HOST)";
				CODE_SIGN_STYLE = Automatic;
				CURRENT_PROJECT_VERSION = 1;
				GENERATE_INFOPLIST_FILE = YES;
				IPHONEOS_DEPLOYMENT_TARGET = 16.4;
				MARKETING_VERSION = 1.0;
				PRODUCT_BUNDLE_IDENTIFIER = com.guarapTests;
				PRODUCT_NAME = "$(TARGET_NAME)";
				SWIFT_EMIT_LOC_STRINGS = NO;
				SWIFT_VERSION = 5.0;
				TARGETED_DEVICE_FAMILY = "1,2";
				TEST_HOST = "$(BUILT_PRODUCTS_DIR)/guarap.app/$(BUNDLE_EXECUTABLE_FOLDER_PATH)/guarap";
			};
			name = Release;
		};
		CD0F417D2ABD0AF90016177A /* Debug */ = {
			isa = XCBuildConfiguration;
			buildSettings = {
				ALWAYS_EMBED_SWIFT_STANDARD_LIBRARIES = YES;
				CODE_SIGN_STYLE = Automatic;
				CURRENT_PROJECT_VERSION = 1;
				GENERATE_INFOPLIST_FILE = YES;
				MARKETING_VERSION = 1.0;
				PRODUCT_BUNDLE_IDENTIFIER = com.guarapUITests;
				PRODUCT_NAME = "$(TARGET_NAME)";
				SWIFT_EMIT_LOC_STRINGS = NO;
				SWIFT_VERSION = 5.0;
				TARGETED_DEVICE_FAMILY = "1,2";
				TEST_TARGET_NAME = guarap;
			};
			name = Debug;
		};
		CD0F417E2ABD0AF90016177A /* Release */ = {
			isa = XCBuildConfiguration;
			buildSettings = {
				ALWAYS_EMBED_SWIFT_STANDARD_LIBRARIES = YES;
				CODE_SIGN_STYLE = Automatic;
				CURRENT_PROJECT_VERSION = 1;
				GENERATE_INFOPLIST_FILE = YES;
				MARKETING_VERSION = 1.0;
				PRODUCT_BUNDLE_IDENTIFIER = com.guarapUITests;
				PRODUCT_NAME = "$(TARGET_NAME)";
				SWIFT_EMIT_LOC_STRINGS = NO;
				SWIFT_VERSION = 5.0;
				TARGETED_DEVICE_FAMILY = "1,2";
				TEST_TARGET_NAME = guarap;
			};
			name = Release;
		};
/* End XCBuildConfiguration section */

/* Begin XCConfigurationList section */
		CD0F414D2ABD0AF60016177A /* Build configuration list for PBXProject "guarap" */ = {
			isa = XCConfigurationList;
			buildConfigurations = (
				CD0F41742ABD0AF90016177A /* Debug */,
				CD0F41752ABD0AF90016177A /* Release */,
			);
			defaultConfigurationIsVisible = 0;
			defaultConfigurationName = Release;
		};
		CD0F41762ABD0AF90016177A /* Build configuration list for PBXNativeTarget "guarap" */ = {
			isa = XCConfigurationList;
			buildConfigurations = (
				CD0F41772ABD0AF90016177A /* Debug */,
				CD0F41782ABD0AF90016177A /* Release */,
			);
			defaultConfigurationIsVisible = 0;
			defaultConfigurationName = Release;
		};
		CD0F41792ABD0AF90016177A /* Build configuration list for PBXNativeTarget "guarapTests" */ = {
			isa = XCConfigurationList;
			buildConfigurations = (
				CD0F417A2ABD0AF90016177A /* Debug */,
				CD0F417B2ABD0AF90016177A /* Release */,
			);
			defaultConfigurationIsVisible = 0;
			defaultConfigurationName = Release;
		};
		CD0F417C2ABD0AF90016177A /* Build configuration list for PBXNativeTarget "guarapUITests" */ = {
			isa = XCConfigurationList;
			buildConfigurations = (
				CD0F417D2ABD0AF90016177A /* Debug */,
				CD0F417E2ABD0AF90016177A /* Release */,
			);
			defaultConfigurationIsVisible = 0;
			defaultConfigurationName = Release;
		};
/* End XCConfigurationList section */

/* Begin XCRemoteSwiftPackageReference section */
		CD597E512ACCB67100D493B5 /* XCRemoteSwiftPackageReference "firebase-ios-sdk" */ = {
			isa = XCRemoteSwiftPackageReference;
			repositoryURL = "https://github.com/firebase/firebase-ios-sdk";
			requirement = {
				kind = upToNextMajorVersion;
				minimumVersion = 10.0.0;
			};
		};
/* End XCRemoteSwiftPackageReference section */

/* Begin XCSwiftPackageProductDependency section */
		CD597E522ACCB67100D493B5 /* FirebaseAuth */ = {
			isa = XCSwiftPackageProductDependency;
			package = CD597E512ACCB67100D493B5 /* XCRemoteSwiftPackageReference "firebase-ios-sdk" */;
			productName = FirebaseAuth;
		};
		CD597E542ACCB67100D493B5 /* FirebaseCrashlytics */ = {
			isa = XCSwiftPackageProductDependency;
			package = CD597E512ACCB67100D493B5 /* XCRemoteSwiftPackageReference "firebase-ios-sdk" */;
			productName = FirebaseCrashlytics;
		};
		CD597E562ACCB67100D493B5 /* FirebaseFirestore */ = {
			isa = XCSwiftPackageProductDependency;
			package = CD597E512ACCB67100D493B5 /* XCRemoteSwiftPackageReference "firebase-ios-sdk" */;
			productName = FirebaseFirestore;
		};
		CD597E582ACCB67100D493B5 /* FirebaseFirestoreSwift */ = {
			isa = XCSwiftPackageProductDependency;
			package = CD597E512ACCB67100D493B5 /* XCRemoteSwiftPackageReference "firebase-ios-sdk" */;
			productName = FirebaseFirestoreSwift;
		};
		CD597E5A2ACCB67100D493B5 /* FirebaseStorage */ = {
			isa = XCSwiftPackageProductDependency;
			package = CD597E512ACCB67100D493B5 /* XCRemoteSwiftPackageReference "firebase-ios-sdk" */;
			productName = FirebaseStorage;
		};
/* End XCSwiftPackageProductDependency section */
	};
	rootObject = CD0F414A2ABD0AF60016177A /* Project object */;
}
